
Microsoft Visual Studio Solution File, Format Version 12.00
# Visual Studio Version 17
VisualStudioVersion = 17.11.35312.102
MinimumVisualStudioVersion = 10.0.40219.1
Project("{2150E333-8FDC-42A3-9474-1A3956D46DE8}") = "DesignPatterns", "DesignPatterns", "{FF3625A4-B94E-4C22-AAC3-2C6202686999}"
EndProject
Project("{2150E333-8FDC-42A3-9474-1A3956D46DE8}") = "FactoryMethod", "FactoryMethod", "{6D2EA967-047F-4B22-99CA-BACFF4D849CC}"
EndProject
Project("{9A19103F-16F7-4668-BE54-9A1E7A4F7556}") = "Messaging.Lib", "Messaging.Lib\Messaging.Lib.csproj", "{71235741-353F-4450-8EB1-4F540F3C264D}"
EndProject
Project("{9A19103F-16F7-4668-BE54-9A1E7A4F7556}") = "MessagingTools", "MessagingTools\MessagingTools.csproj", "{942EC96C-DBBF-4CBF-BA86-78F596DA336D}"
EndProject
Project("{9A19103F-16F7-4668-BE54-9A1E7A4F7556}") = "DemoApp.Console", "DemoApp.Console\DemoApp.Console.csproj", "{873B75ED-A493-49E1-994D-A48840C32E8E}"
EndProject
Project("{2150E333-8FDC-42A3-9474-1A3956D46DE8}") = "Factory", "Factory", "{2B91E923-0A9F-41CD-8DC2-72240E870131}"
EndProject
Project("{9A19103F-16F7-4668-BE54-9A1E7A4F7556}") = "Factory", "Factory\Factory.csproj", "{2A0A5CA9-AAE6-47A2-AA06-CF3EAD153214}"
EndProject
Project("{9A19103F-16F7-4668-BE54-9A1E7A4F7556}") = "Factory.Demo.Console", "Factory.Demo.Console\Factory.Demo.Console.csproj", "{02FCB983-D6C6-474B-A03B-07AC1DC960DB}"
EndProject
Project("{9A19103F-16F7-4668-BE54-9A1E7A4F7556}") = "DemoApp.WebApi", "DemoApp.WebApi\DemoApp.WebApi.csproj", "{83A83363-1375-40BF-908A-B4EA5B3D3852}"
EndProject
Project("{2150E333-8FDC-42A3-9474-1A3956D46DE8}") = "Adapter", "Adapter", "{96287492-2FA9-4279-BA4E-4DAA4E1AB839}"
EndProject
Project("{2150E333-8FDC-42A3-9474-1A3956D46DE8}") = "ObjectAdapter", "ObjectAdapter", "{DE0B6539-9013-4ECF-85B2-B62FD7BE404C}"
EndProject
Project("{2150E333-8FDC-42A3-9474-1A3956D46DE8}") = "ClassAdapter", "ClassAdapter", "{0BCD676E-326C-4256-BFC9-F9E72C7763A7}"
EndProject
Project("{9A19103F-16F7-4668-BE54-9A1E7A4F7556}") = "AutoCard.Stamper", "AutoCard.Stamper\AutoCard.Stamper.csproj", "{5724D5C0-FAF2-4D4A-A5DF-5B1196DD2E79}"
EndProject
Project("{9A19103F-16F7-4668-BE54-9A1E7A4F7556}") = "AutoCadClient", "AutoCadClient\AutoCadClient.csproj", "{A30C9705-6DEB-4A02-97DC-28BED578545E}"
EndProject
Project("{9A19103F-16F7-4668-BE54-9A1E7A4F7556}") = "AutoCadAdapter", "AutoCadAdapter\AutoCadAdapter.csproj", "{F26B3C3A-1009-46A3-A69D-2D53C43E6874}"
EndProject
Project("{2150E333-8FDC-42A3-9474-1A3956D46DE8}") = "CreationalPatterns", "CreationalPatterns", "{BE41B420-30DE-4DDB-8D8B-C2BAD9BF7988}"
EndProject
Project("{2150E333-8FDC-42A3-9474-1A3956D46DE8}") = "StructuralPaterns", "StructuralPaterns", "{C8781594-08F7-4741-8B2D-3447B5C5328C}"
EndProject
Project("{2150E333-8FDC-42A3-9474-1A3956D46DE8}") = "Builder", "Builder", "{931626FB-CA22-4E6E-B91F-E52FE3472F4A}"
EndProject
Project("{9A19103F-16F7-4668-BE54-9A1E7A4F7556}") = "Builder.Lib", "Builder.Lib\Builder.Lib.csproj", "{646DD425-7652-4D20-B5FA-6A23EBAD0791}"
EndProject
Project("{9A19103F-16F7-4668-BE54-9A1E7A4F7556}") = "BuilderDemo.Console", "BuilderDemo.Console\BuilderDemo.Console.csproj", "{8D974242-3A62-48B2-AA5A-94D58980A421}"
EndProject
Project("{2150E333-8FDC-42A3-9474-1A3956D46DE8}") = "BehavioralPatterns", "BehavioralPatterns", "{EF862CE6-4334-4E8C-B03F-CA412C4711B8}"
EndProject
Project("{2150E333-8FDC-42A3-9474-1A3956D46DE8}") = "Observer", "Observer", "{779EBA6C-DE35-4A8E-848A-2C718C379CA4}"
EndProject
Project("{9A19103F-16F7-4668-BE54-9A1E7A4F7556}") = "Observer.Lib", "Observer.Lib\Observer.Lib.csproj", "{698518B7-99EE-4E84-9B44-D4EE0FB4F586}"
EndProject
Project("{9A19103F-16F7-4668-BE54-9A1E7A4F7556}") = "ObserverDemo.Console", "ObserverDemo.Console\ObserverDemo.Console.csproj", "{C3E1941B-68D7-4827-A615-A2BE12E7C208}"
EndProject
Project("{2150E333-8FDC-42A3-9474-1A3956D46DE8}") = "DotnetCore", "DotnetCore", "{B3372581-7D42-4AB6-8C59-D54E0D4C9B4F}"
EndProject
Project("{2150E333-8FDC-42A3-9474-1A3956D46DE8}") = "CustomMiddleWare", "CustomMiddleWare", "{E908983C-47CE-4EF3-994A-42A86CDF1C78}"
EndProject
Project("{9A19103F-16F7-4668-BE54-9A1E7A4F7556}") = "CustomMiddleWareDemo.API", "CustomMiddleWareDemo.API\CustomMiddleWareDemo.API.csproj", "{6B2D421C-CF3F-4A00-9915-7257701B2EAE}"
EndProject
Project("{2150E333-8FDC-42A3-9474-1A3956D46DE8}") = "Singleton", "Singleton", "{6FD348BD-C59A-49F3-B27A-14D319630B86}"
EndProject
Project("{9A19103F-16F7-4668-BE54-9A1E7A4F7556}") = "Singleton.Lib", "Singleton.Lib\Singleton.Lib.csproj", "{1A151B99-86F3-479E-8A83-F26C43A0290B}"
EndProject
Project("{9A19103F-16F7-4668-BE54-9A1E7A4F7556}") = "SingletonDemo.Console", "SingletonDemo.Console\SingletonDemo.Console.csproj", "{4A50F519-10D4-4029-B45B-59C8DBD69A19}"
EndProject
Project("{2150E333-8FDC-42A3-9474-1A3956D46DE8}") = "SOLID", "SOLID", "{D9C56389-E4F4-45B3-B706-AEB7EA530E70}"
EndProject
Project("{2150E333-8FDC-42A3-9474-1A3956D46DE8}") = "Liskov Substitution Principle", "Liskov Substitution Principle", "{63CAD7D8-1537-4D03-9FAF-454F80F6A397}"
EndProject
Project("{9A19103F-16F7-4668-BE54-9A1E7A4F7556}") = "LSP.Lib", "LSP.Lib\LSP.Lib.csproj", "{723D2848-79F0-4491-9897-92C7493034BF}"
EndProject
Project("{9A19103F-16F7-4668-BE54-9A1E7A4F7556}") = "LSPDemo.Console", "LSPDemo.Console\LSPDemo.Console.csproj", "{DD3A30CC-2F32-4A22-A0C9-E6B9117EE430}"
EndProject
Project("{9A19103F-16F7-4668-BE54-9A1E7A4F7556}") = "OCP.Lib", "OCP.Lib\OCP.Lib.csproj", "{2BA62C4C-9950-4614-9998-4F88119A3DD8}"
EndProject
Project("{2150E333-8FDC-42A3-9474-1A3956D46DE8}") = "Mediator", "Mediator", "{BE91E83D-F1F5-4946-8700-951A667517DD}"
EndProject
Project("{2150E333-8FDC-42A3-9474-1A3956D46DE8}") = "WebAPIImplementation", "WebAPIImplementation", "{388C9832-4237-4A6B-B5B2-3E7F3516EC60}"
EndProject
Project("{9A19103F-16F7-4668-BE54-9A1E7A4F7556}") = "MediatorDemo.WebApi", "MediatorDemo.WebApi\MediatorDemo.WebApi.csproj", "{94A28E79-198E-4DE7-A1FC-348E62D896FE}"
EndProject
Project("{9A19103F-16F7-4668-BE54-9A1E7A4F7556}") = "MediatorDemo.Domain", "MediatorDemo.Domain\MediatorDemo.Domain.csproj", "{2E2C92DA-7BA0-4159-8C24-BF51935B50C5}"
EndProject
Project("{9A19103F-16F7-4668-BE54-9A1E7A4F7556}") = "MediatorDemo.Application", "MediatorDemo.Application\MediatorDemo.Application.csproj", "{616B3D10-9B67-477F-BB31-FA33EB98FF5C}"
EndProject
Project("{9A19103F-16F7-4668-BE54-9A1E7A4F7556}") = "MediatorDemo.Infrastructure.Data", "MediatorDemo.Infrastructure.Data\MediatorDemo.Infrastructure.Data.csproj", "{6C042E6E-D710-4EAC-AC8E-6DBECB8C6F73}"
EndProject
Project("{9A19103F-16F7-4668-BE54-9A1E7A4F7556}") = "MediatorDemo.Infrastructure.IOC", "MediatorDemo.Infrastructure.IOC\MediatorDemo.Infrastructure.IOC.csproj", "{947101BA-E8A5-4E99-8378-6D74B04B9255}"
EndProject
Project("{2150E333-8FDC-42A3-9474-1A3956D46DE8}") = "EFCoreAndLinq", "EFCoreAndLinq", "{65348F6F-958F-4106-B45E-7BE0849FBBEA}"
EndProject
Project("{9A19103F-16F7-4668-BE54-9A1E7A4F7556}") = "DatabaseFirstSample.Console", "DatabaseFirstSample.Console\DatabaseFirstSample.Console.csproj", "{9D8272BD-9483-4C77-86F8-3C2E6FB3A202}"
EndProject
Project("{2150E333-8FDC-42A3-9474-1A3956D46DE8}") = "Prototype", "Prototype", "{36254403-B0FD-409A-8D37-587C3E4DB3EA}"
EndProject
Project("{FAE04EC0-301F-11D3-BF4B-00C04F79EFBC}") = "Prototype.Demo.Console", "Prototype.Demo.Console\Prototype.Demo.Console.csproj", "{85DE38A9-4B17-417B-8235-79D8FB02B447}"
EndProject
Project("{2150E333-8FDC-42A3-9474-1A3956D46DE8}") = "Decorator", "Decorator", "{BF89CB69-537B-415E-A2AD-AA6D7BCE1D01}"
EndProject
Project("{FAE04EC0-301F-11D3-BF4B-00C04F79EFBC}") = "Decorator.Demo.Console", "Decorator.Demo.Console\Decorator.Demo.Console.csproj", "{70DF949D-BA1A-4BDA-85CE-433818AA34A8}"
EndProject
Global
	GlobalSection(SolutionConfigurationPlatforms) = preSolution
		Debug|Any CPU = Debug|Any CPU
		Release|Any CPU = Release|Any CPU
	EndGlobalSection
	GlobalSection(ProjectConfigurationPlatforms) = postSolution
		{71235741-353F-4450-8EB1-4F540F3C264D}.Debug|Any CPU.ActiveCfg = Debug|Any CPU
		{71235741-353F-4450-8EB1-4F540F3C264D}.Debug|Any CPU.Build.0 = Debug|Any CPU
		{71235741-353F-4450-8EB1-4F540F3C264D}.Release|Any CPU.ActiveCfg = Release|Any CPU
		{71235741-353F-4450-8EB1-4F540F3C264D}.Release|Any CPU.Build.0 = Release|Any CPU
		{942EC96C-DBBF-4CBF-BA86-78F596DA336D}.Debug|Any CPU.ActiveCfg = Debug|Any CPU
		{942EC96C-DBBF-4CBF-BA86-78F596DA336D}.Debug|Any CPU.Build.0 = Debug|Any CPU
		{942EC96C-DBBF-4CBF-BA86-78F596DA336D}.Release|Any CPU.ActiveCfg = Release|Any CPU
		{942EC96C-DBBF-4CBF-BA86-78F596DA336D}.Release|Any CPU.Build.0 = Release|Any CPU
		{873B75ED-A493-49E1-994D-A48840C32E8E}.Debug|Any CPU.ActiveCfg = Debug|Any CPU
		{873B75ED-A493-49E1-994D-A48840C32E8E}.Debug|Any CPU.Build.0 = Debug|Any CPU
		{873B75ED-A493-49E1-994D-A48840C32E8E}.Release|Any CPU.ActiveCfg = Release|Any CPU
		{873B75ED-A493-49E1-994D-A48840C32E8E}.Release|Any CPU.Build.0 = Release|Any CPU
		{2A0A5CA9-AAE6-47A2-AA06-CF3EAD153214}.Debug|Any CPU.ActiveCfg = Debug|Any CPU
		{2A0A5CA9-AAE6-47A2-AA06-CF3EAD153214}.Debug|Any CPU.Build.0 = Debug|Any CPU
		{2A0A5CA9-AAE6-47A2-AA06-CF3EAD153214}.Release|Any CPU.ActiveCfg = Release|Any CPU
		{2A0A5CA9-AAE6-47A2-AA06-CF3EAD153214}.Release|Any CPU.Build.0 = Release|Any CPU
		{02FCB983-D6C6-474B-A03B-07AC1DC960DB}.Debug|Any CPU.ActiveCfg = Debug|Any CPU
		{02FCB983-D6C6-474B-A03B-07AC1DC960DB}.Debug|Any CPU.Build.0 = Debug|Any CPU
		{02FCB983-D6C6-474B-A03B-07AC1DC960DB}.Release|Any CPU.ActiveCfg = Release|Any CPU
		{02FCB983-D6C6-474B-A03B-07AC1DC960DB}.Release|Any CPU.Build.0 = Release|Any CPU
		{83A83363-1375-40BF-908A-B4EA5B3D3852}.Debug|Any CPU.ActiveCfg = Debug|Any CPU
		{83A83363-1375-40BF-908A-B4EA5B3D3852}.Debug|Any CPU.Build.0 = Debug|Any CPU
		{83A83363-1375-40BF-908A-B4EA5B3D3852}.Release|Any CPU.ActiveCfg = Release|Any CPU
		{83A83363-1375-40BF-908A-B4EA5B3D3852}.Release|Any CPU.Build.0 = Release|Any CPU
		{5724D5C0-FAF2-4D4A-A5DF-5B1196DD2E79}.Debug|Any CPU.ActiveCfg = Debug|Any CPU
		{5724D5C0-FAF2-4D4A-A5DF-5B1196DD2E79}.Debug|Any CPU.Build.0 = Debug|Any CPU
		{5724D5C0-FAF2-4D4A-A5DF-5B1196DD2E79}.Release|Any CPU.ActiveCfg = Release|Any CPU
		{5724D5C0-FAF2-4D4A-A5DF-5B1196DD2E79}.Release|Any CPU.Build.0 = Release|Any CPU
		{A30C9705-6DEB-4A02-97DC-28BED578545E}.Debug|Any CPU.ActiveCfg = Debug|Any CPU
		{A30C9705-6DEB-4A02-97DC-28BED578545E}.Debug|Any CPU.Build.0 = Debug|Any CPU
		{A30C9705-6DEB-4A02-97DC-28BED578545E}.Release|Any CPU.ActiveCfg = Release|Any CPU
		{A30C9705-6DEB-4A02-97DC-28BED578545E}.Release|Any CPU.Build.0 = Release|Any CPU
		{F26B3C3A-1009-46A3-A69D-2D53C43E6874}.Debug|Any CPU.ActiveCfg = Debug|Any CPU
		{F26B3C3A-1009-46A3-A69D-2D53C43E6874}.Debug|Any CPU.Build.0 = Debug|Any CPU
		{F26B3C3A-1009-46A3-A69D-2D53C43E6874}.Release|Any CPU.ActiveCfg = Release|Any CPU
		{F26B3C3A-1009-46A3-A69D-2D53C43E6874}.Release|Any CPU.Build.0 = Release|Any CPU
		{646DD425-7652-4D20-B5FA-6A23EBAD0791}.Debug|Any CPU.ActiveCfg = Debug|Any CPU
		{646DD425-7652-4D20-B5FA-6A23EBAD0791}.Debug|Any CPU.Build.0 = Debug|Any CPU
		{646DD425-7652-4D20-B5FA-6A23EBAD0791}.Release|Any CPU.ActiveCfg = Release|Any CPU
		{646DD425-7652-4D20-B5FA-6A23EBAD0791}.Release|Any CPU.Build.0 = Release|Any CPU
		{8D974242-3A62-48B2-AA5A-94D58980A421}.Debug|Any CPU.ActiveCfg = Debug|Any CPU
		{8D974242-3A62-48B2-AA5A-94D58980A421}.Debug|Any CPU.Build.0 = Debug|Any CPU
		{8D974242-3A62-48B2-AA5A-94D58980A421}.Release|Any CPU.ActiveCfg = Release|Any CPU
		{8D974242-3A62-48B2-AA5A-94D58980A421}.Release|Any CPU.Build.0 = Release|Any CPU
		{698518B7-99EE-4E84-9B44-D4EE0FB4F586}.Debug|Any CPU.ActiveCfg = Debug|Any CPU
		{698518B7-99EE-4E84-9B44-D4EE0FB4F586}.Debug|Any CPU.Build.0 = Debug|Any CPU
		{698518B7-99EE-4E84-9B44-D4EE0FB4F586}.Release|Any CPU.ActiveCfg = Release|Any CPU
		{698518B7-99EE-4E84-9B44-D4EE0FB4F586}.Release|Any CPU.Build.0 = Release|Any CPU
		{C3E1941B-68D7-4827-A615-A2BE12E7C208}.Debug|Any CPU.ActiveCfg = Debug|Any CPU
		{C3E1941B-68D7-4827-A615-A2BE12E7C208}.Debug|Any CPU.Build.0 = Debug|Any CPU
		{C3E1941B-68D7-4827-A615-A2BE12E7C208}.Release|Any CPU.ActiveCfg = Release|Any CPU
		{C3E1941B-68D7-4827-A615-A2BE12E7C208}.Release|Any CPU.Build.0 = Release|Any CPU
		{6B2D421C-CF3F-4A00-9915-7257701B2EAE}.Debug|Any CPU.ActiveCfg = Debug|Any CPU
		{6B2D421C-CF3F-4A00-9915-7257701B2EAE}.Debug|Any CPU.Build.0 = Debug|Any CPU
		{6B2D421C-CF3F-4A00-9915-7257701B2EAE}.Release|Any CPU.ActiveCfg = Release|Any CPU
		{6B2D421C-CF3F-4A00-9915-7257701B2EAE}.Release|Any CPU.Build.0 = Release|Any CPU
		{1A151B99-86F3-479E-8A83-F26C43A0290B}.Debug|Any CPU.ActiveCfg = Debug|Any CPU
		{1A151B99-86F3-479E-8A83-F26C43A0290B}.Debug|Any CPU.Build.0 = Debug|Any CPU
		{1A151B99-86F3-479E-8A83-F26C43A0290B}.Release|Any CPU.ActiveCfg = Release|Any CPU
		{1A151B99-86F3-479E-8A83-F26C43A0290B}.Release|Any CPU.Build.0 = Release|Any CPU
		{4A50F519-10D4-4029-B45B-59C8DBD69A19}.Debug|Any CPU.ActiveCfg = Debug|Any CPU
		{4A50F519-10D4-4029-B45B-59C8DBD69A19}.Debug|Any CPU.Build.0 = Debug|Any CPU
		{4A50F519-10D4-4029-B45B-59C8DBD69A19}.Release|Any CPU.ActiveCfg = Release|Any CPU
		{4A50F519-10D4-4029-B45B-59C8DBD69A19}.Release|Any CPU.Build.0 = Release|Any CPU
		{723D2848-79F0-4491-9897-92C7493034BF}.Debug|Any CPU.ActiveCfg = Debug|Any CPU
		{723D2848-79F0-4491-9897-92C7493034BF}.Debug|Any CPU.Build.0 = Debug|Any CPU
		{723D2848-79F0-4491-9897-92C7493034BF}.Release|Any CPU.ActiveCfg = Release|Any CPU
		{723D2848-79F0-4491-9897-92C7493034BF}.Release|Any CPU.Build.0 = Release|Any CPU
		{DD3A30CC-2F32-4A22-A0C9-E6B9117EE430}.Debug|Any CPU.ActiveCfg = Debug|Any CPU
		{DD3A30CC-2F32-4A22-A0C9-E6B9117EE430}.Debug|Any CPU.Build.0 = Debug|Any CPU
		{DD3A30CC-2F32-4A22-A0C9-E6B9117EE430}.Release|Any CPU.ActiveCfg = Release|Any CPU
		{DD3A30CC-2F32-4A22-A0C9-E6B9117EE430}.Release|Any CPU.Build.0 = Release|Any CPU
		{2BA62C4C-9950-4614-9998-4F88119A3DD8}.Debug|Any CPU.ActiveCfg = Debug|Any CPU
		{2BA62C4C-9950-4614-9998-4F88119A3DD8}.Debug|Any CPU.Build.0 = Debug|Any CPU
		{2BA62C4C-9950-4614-9998-4F88119A3DD8}.Release|Any CPU.ActiveCfg = Release|Any CPU
		{2BA62C4C-9950-4614-9998-4F88119A3DD8}.Release|Any CPU.Build.0 = Release|Any CPU
		{94A28E79-198E-4DE7-A1FC-348E62D896FE}.Debug|Any CPU.ActiveCfg = Debug|Any CPU
		{94A28E79-198E-4DE7-A1FC-348E62D896FE}.Debug|Any CPU.Build.0 = Debug|Any CPU
		{94A28E79-198E-4DE7-A1FC-348E62D896FE}.Release|Any CPU.ActiveCfg = Release|Any CPU
		{94A28E79-198E-4DE7-A1FC-348E62D896FE}.Release|Any CPU.Build.0 = Release|Any CPU
		{2E2C92DA-7BA0-4159-8C24-BF51935B50C5}.Debug|Any CPU.ActiveCfg = Debug|Any CPU
		{2E2C92DA-7BA0-4159-8C24-BF51935B50C5}.Debug|Any CPU.Build.0 = Debug|Any CPU
		{2E2C92DA-7BA0-4159-8C24-BF51935B50C5}.Release|Any CPU.ActiveCfg = Release|Any CPU
		{2E2C92DA-7BA0-4159-8C24-BF51935B50C5}.Release|Any CPU.Build.0 = Release|Any CPU
		{616B3D10-9B67-477F-BB31-FA33EB98FF5C}.Debug|Any CPU.ActiveCfg = Debug|Any CPU
		{616B3D10-9B67-477F-BB31-FA33EB98FF5C}.Debug|Any CPU.Build.0 = Debug|Any CPU
		{616B3D10-9B67-477F-BB31-FA33EB98FF5C}.Release|Any CPU.ActiveCfg = Release|Any CPU
		{616B3D10-9B67-477F-BB31-FA33EB98FF5C}.Release|Any CPU.Build.0 = Release|Any CPU
		{6C042E6E-D710-4EAC-AC8E-6DBECB8C6F73}.Debug|Any CPU.ActiveCfg = Debug|Any CPU
		{6C042E6E-D710-4EAC-AC8E-6DBECB8C6F73}.Debug|Any CPU.Build.0 = Debug|Any CPU
		{6C042E6E-D710-4EAC-AC8E-6DBECB8C6F73}.Release|Any CPU.ActiveCfg = Release|Any CPU
		{6C042E6E-D710-4EAC-AC8E-6DBECB8C6F73}.Release|Any CPU.Build.0 = Release|Any CPU
		{947101BA-E8A5-4E99-8378-6D74B04B9255}.Debug|Any CPU.ActiveCfg = Debug|Any CPU
		{947101BA-E8A5-4E99-8378-6D74B04B9255}.Debug|Any CPU.Build.0 = Debug|Any CPU
		{947101BA-E8A5-4E99-8378-6D74B04B9255}.Release|Any CPU.ActiveCfg = Release|Any CPU
		{947101BA-E8A5-4E99-8378-6D74B04B9255}.Release|Any CPU.Build.0 = Release|Any CPU
		{9D8272BD-9483-4C77-86F8-3C2E6FB3A202}.Debug|Any CPU.ActiveCfg = Debug|Any CPU
		{9D8272BD-9483-4C77-86F8-3C2E6FB3A202}.Debug|Any CPU.Build.0 = Debug|Any CPU
		{9D8272BD-9483-4C77-86F8-3C2E6FB3A202}.Release|Any CPU.ActiveCfg = Release|Any CPU
		{9D8272BD-9483-4C77-86F8-3C2E6FB3A202}.Release|Any CPU.Build.0 = Release|Any CPU
		{85DE38A9-4B17-417B-8235-79D8FB02B447}.Debug|Any CPU.ActiveCfg = Debug|Any CPU
		{85DE38A9-4B17-417B-8235-79D8FB02B447}.Debug|Any CPU.Build.0 = Debug|Any CPU
		{85DE38A9-4B17-417B-8235-79D8FB02B447}.Release|Any CPU.ActiveCfg = Release|Any CPU
		{85DE38A9-4B17-417B-8235-79D8FB02B447}.Release|Any CPU.Build.0 = Release|Any CPU
		{70DF949D-BA1A-4BDA-85CE-433818AA34A8}.Debug|Any CPU.ActiveCfg = Debug|Any CPU
		{70DF949D-BA1A-4BDA-85CE-433818AA34A8}.Debug|Any CPU.Build.0 = Debug|Any CPU
		{70DF949D-BA1A-4BDA-85CE-433818AA34A8}.Release|Any CPU.ActiveCfg = Release|Any CPU
		{70DF949D-BA1A-4BDA-85CE-433818AA34A8}.Release|Any CPU.Build.0 = Release|Any CPU
	EndGlobalSection
	GlobalSection(SolutionProperties) = preSolution
		HideSolutionNode = FALSE
	EndGlobalSection
	GlobalSection(NestedProjects) = preSolution
		{6D2EA967-047F-4B22-99CA-BACFF4D849CC} = {BE41B420-30DE-4DDB-8D8B-C2BAD9BF7988}
		{71235741-353F-4450-8EB1-4F540F3C264D} = {6D2EA967-047F-4B22-99CA-BACFF4D849CC}
		{942EC96C-DBBF-4CBF-BA86-78F596DA336D} = {6D2EA967-047F-4B22-99CA-BACFF4D849CC}
		{873B75ED-A493-49E1-994D-A48840C32E8E} = {6D2EA967-047F-4B22-99CA-BACFF4D849CC}
		{2B91E923-0A9F-41CD-8DC2-72240E870131} = {BE41B420-30DE-4DDB-8D8B-C2BAD9BF7988}
		{2A0A5CA9-AAE6-47A2-AA06-CF3EAD153214} = {2B91E923-0A9F-41CD-8DC2-72240E870131}
		{02FCB983-D6C6-474B-A03B-07AC1DC960DB} = {2B91E923-0A9F-41CD-8DC2-72240E870131}
		{83A83363-1375-40BF-908A-B4EA5B3D3852} = {6D2EA967-047F-4B22-99CA-BACFF4D849CC}
		{96287492-2FA9-4279-BA4E-4DAA4E1AB839} = {C8781594-08F7-4741-8B2D-3447B5C5328C}
		{DE0B6539-9013-4ECF-85B2-B62FD7BE404C} = {96287492-2FA9-4279-BA4E-4DAA4E1AB839}
		{0BCD676E-326C-4256-BFC9-F9E72C7763A7} = {96287492-2FA9-4279-BA4E-4DAA4E1AB839}
		{5724D5C0-FAF2-4D4A-A5DF-5B1196DD2E79} = {DE0B6539-9013-4ECF-85B2-B62FD7BE404C}
		{A30C9705-6DEB-4A02-97DC-28BED578545E} = {DE0B6539-9013-4ECF-85B2-B62FD7BE404C}
		{F26B3C3A-1009-46A3-A69D-2D53C43E6874} = {0BCD676E-326C-4256-BFC9-F9E72C7763A7}
		{BE41B420-30DE-4DDB-8D8B-C2BAD9BF7988} = {FF3625A4-B94E-4C22-AAC3-2C6202686999}
		{C8781594-08F7-4741-8B2D-3447B5C5328C} = {FF3625A4-B94E-4C22-AAC3-2C6202686999}
		{931626FB-CA22-4E6E-B91F-E52FE3472F4A} = {BE41B420-30DE-4DDB-8D8B-C2BAD9BF7988}
		{646DD425-7652-4D20-B5FA-6A23EBAD0791} = {931626FB-CA22-4E6E-B91F-E52FE3472F4A}
		{8D974242-3A62-48B2-AA5A-94D58980A421} = {931626FB-CA22-4E6E-B91F-E52FE3472F4A}
		{EF862CE6-4334-4E8C-B03F-CA412C4711B8} = {FF3625A4-B94E-4C22-AAC3-2C6202686999}
		{779EBA6C-DE35-4A8E-848A-2C718C379CA4} = {EF862CE6-4334-4E8C-B03F-CA412C4711B8}
		{698518B7-99EE-4E84-9B44-D4EE0FB4F586} = {779EBA6C-DE35-4A8E-848A-2C718C379CA4}
		{C3E1941B-68D7-4827-A615-A2BE12E7C208} = {779EBA6C-DE35-4A8E-848A-2C718C379CA4}
		{E908983C-47CE-4EF3-994A-42A86CDF1C78} = {B3372581-7D42-4AB6-8C59-D54E0D4C9B4F}
		{6B2D421C-CF3F-4A00-9915-7257701B2EAE} = {E908983C-47CE-4EF3-994A-42A86CDF1C78}
		{6FD348BD-C59A-49F3-B27A-14D319630B86} = {BE41B420-30DE-4DDB-8D8B-C2BAD9BF7988}
		{1A151B99-86F3-479E-8A83-F26C43A0290B} = {6FD348BD-C59A-49F3-B27A-14D319630B86}
		{4A50F519-10D4-4029-B45B-59C8DBD69A19} = {6FD348BD-C59A-49F3-B27A-14D319630B86}
		{63CAD7D8-1537-4D03-9FAF-454F80F6A397} = {D9C56389-E4F4-45B3-B706-AEB7EA530E70}
		{723D2848-79F0-4491-9897-92C7493034BF} = {63CAD7D8-1537-4D03-9FAF-454F80F6A397}
		{DD3A30CC-2F32-4A22-A0C9-E6B9117EE430} = {63CAD7D8-1537-4D03-9FAF-454F80F6A397}
		{2BA62C4C-9950-4614-9998-4F88119A3DD8} = {63CAD7D8-1537-4D03-9FAF-454F80F6A397}
		{BE91E83D-F1F5-4946-8700-951A667517DD} = {EF862CE6-4334-4E8C-B03F-CA412C4711B8}
		{388C9832-4237-4A6B-B5B2-3E7F3516EC60} = {BE91E83D-F1F5-4946-8700-951A667517DD}
		{94A28E79-198E-4DE7-A1FC-348E62D896FE} = {388C9832-4237-4A6B-B5B2-3E7F3516EC60}
		{2E2C92DA-7BA0-4159-8C24-BF51935B50C5} = {388C9832-4237-4A6B-B5B2-3E7F3516EC60}
		{616B3D10-9B67-477F-BB31-FA33EB98FF5C} = {388C9832-4237-4A6B-B5B2-3E7F3516EC60}
		{6C042E6E-D710-4EAC-AC8E-6DBECB8C6F73} = {388C9832-4237-4A6B-B5B2-3E7F3516EC60}
		{947101BA-E8A5-4E99-8378-6D74B04B9255} = {388C9832-4237-4A6B-B5B2-3E7F3516EC60}
		{9D8272BD-9483-4C77-86F8-3C2E6FB3A202} = {65348F6F-958F-4106-B45E-7BE0849FBBEA}
		{36254403-B0FD-409A-8D37-587C3E4DB3EA} = {BE41B420-30DE-4DDB-8D8B-C2BAD9BF7988}
		{85DE38A9-4B17-417B-8235-79D8FB02B447} = {36254403-B0FD-409A-8D37-587C3E4DB3EA}
		{BF89CB69-537B-415E-A2AD-AA6D7BCE1D01} = {C8781594-08F7-4741-8B2D-3447B5C5328C}
		{70DF949D-BA1A-4BDA-85CE-433818AA34A8} = {BF89CB69-537B-415E-A2AD-AA6D7BCE1D01}
	EndGlobalSection
	GlobalSection(ExtensibilityGlobals) = postSolution
		SolutionGuid = {899E69CB-528F-4112-B591-8F2523AB4F80}
	EndGlobalSection
EndGlobal
